
Microsoft Visual Studio Solution File, Format Version 12.00
# Visual Studio Version 16
VisualStudioVersion = 16.0.29215.179
MinimumVisualStudioVersion = 10.0.40219.1
Project("{FAE04EC0-301F-11D3-BF4B-00C04F79EFBC}") = "webEval", "webEval\webEval.csproj", "{0DA80DE6-2BA8-4806-AF16-3A0CB7990F40}"
EndProject
Project("{FAE04EC0-301F-11D3-BF4B-00C04F79EFBC}") = "apiEval", "apiEval\apiEval.csproj", "{6BD8FE1D-DA70-496C-BF83-B5A98F99D5F9}"
EndProject
Global
	GlobalSection(SolutionConfigurationPlatforms) = preSolution
		Debug|Any CPU = Debug|Any CPU
		Release|Any CPU = Release|Any CPU
	EndGlobalSection
	GlobalSection(ProjectConfigurationPlatforms) = postSolution
		{0DA80DE6-2BA8-4806-AF16-3A0CB7990F40}.Debug|Any CPU.ActiveCfg = Debug|Any CPU
		{0DA80DE6-2BA8-4806-AF16-3A0CB7990F40}.Debug|Any CPU.Build.0 = Debug|Any CPU
		{0DA80DE6-2BA8-4806-AF16-3A0CB7990F40}.Release|Any CPU.ActiveCfg = Release|Any CPU
		{0DA80DE6-2BA8-4806-AF16-3A0CB7990F40}.Release|Any CPU.Build.0 = Release|Any CPU
		{6BD8FE1D-DA70-496C-BF83-B5A98F99D5F9}.Debug|Any CPU.ActiveCfg = Debug|Any CPU
		{6BD8FE1D-DA70-496C-BF83-B5A98F99D5F9}.Debug|Any CPU.Build.0 = Debug|Any CPU
		{6BD8FE1D-DA70-496C-BF83-B5A98F99D5F9}.Release|Any CPU.ActiveCfg = Release|Any CPU
		{6BD8FE1D-DA70-496C-BF83-B5A98F99D5F9}.Release|Any CPU.Build.0 = Release|Any CPU
	EndGlobalSection
	GlobalSection(SolutionProperties) = preSolution
		HideSolutionNode = FALSE
	EndGlobalSection
	GlobalSection(ExtensibilityGlobals) = postSolution
		SolutionGuid = {7134223E-F7F2-47DC-A5CF-E1F313ECBDCB}
	EndGlobalSection
EndGlobal
